{
  "name": "vue-shopping-cart",
  "version": "1.0.0",
  "lockfileVersion": 1,
  "requires": true,
  "dependencies": {
    "@braintree/asset-loader": {
      "version": "0.3.1",
      "resolved": "https://registry.npmjs.org/@braintree/asset-loader/-/asset-loader-0.3.1.tgz",
      "integrity": "sha512-6Jkps+3iobSwMOqSXHUwIU39QARDFr0T6R/OcIAKX51SlZbc8q9VXl+lxjsDDnNF8cybXn07OGEypeNs9ZKJ6g==",
      "requires": {
        "promise-polyfill": "^8.1.0"
      }
    },
    "@braintree/browser-detection": {
      "version": "1.9.0",
      "resolved": "https://registry.npmjs.org/@braintree/browser-detection/-/browser-detection-1.9.0.tgz",
      "integrity": "sha512-EEj6I9vRuxfvWRo4se5b13BP2nBVOJS9qoMKjFLJAMW+84/xgCaN6pYbZH8G6rDXhPUdkzqUPEGB3n+VdNFjTQ=="
    },
    "@braintree/class-list": {
      "version": "0.1.0",
      "resolved": "https://registry.npmjs.org/@braintree/class-list/-/class-list-0.1.0.tgz",
      "integrity": "sha512-AmXPsYhiNJKcxuwkgQjwyyTwFCeRlyFTeUJ9ecV/jLxS8ZH8fCAB4enYgArMRyvCekZZkqLK54kOJ6+OJBzJwA=="
    },
    "@braintree/event-emitter": {
      "version": "0.3.0",
      "resolved": "https://registry.npmjs.org/@braintree/event-emitter/-/event-emitter-0.3.0.tgz",
      "integrity": "sha512-yzC81QgTuL18RK9Da4C5oAyta5OLNZ3mGqiGKZFc8BKxOnGJN5ObhiFiOdbMbvPUYJQ4teZsal7j00o5RFlGcQ=="
    },
    "@braintree/extended-promise": {
      "version": "0.3.0",
      "resolved": "https://registry.npmjs.org/@braintree/extended-promise/-/extended-promise-0.3.0.tgz",
      "integrity": "sha512-AOBCcLlDo/JzxKfHN0s3QQjtDjVPgQAQ5INUomloTfg6qq5inEdHOkvts8Z/9RqqoCrOKgEbnRpGgWMQn+z1RA=="
    },
    "@braintree/iframer": {
      "version": "1.0.3",
      "resolved": "https://registry.npmjs.org/@braintree/iframer/-/iframer-1.0.3.tgz",
      "integrity": "sha1-Id0f1M69QVSuqx76TVsNX0OENk4="
    },
    "@braintree/sanitize-url": {
      "version": "4.0.0",
      "resolved": "https://registry.npmjs.org/@braintree/sanitize-url/-/sanitize-url-4.0.0.tgz",
      "integrity": "sha512-bOoFoTxuEUuri/v1q0OXN0HIrZ2EiZlRSKdveU8vS5xf2+g0TmpXhmxkTc1s+XWR5xZNoVU4uvf/Mher98tfLw=="
    },
    "@braintree/wrap-promise": {
      "version": "2.0.0",
      "resolved": "https://registry.npmjs.org/@braintree/wrap-promise/-/wrap-promise-2.0.0.tgz",
      "integrity": "sha512-I9s8c/bHBx7gM04yHGKjRoyqX1NhT4d3RIQjLZDW+yFI3DRmi/8JYDpxQeW4fiU6bWX2f3KV1Oa8r2nwKeaAwA=="
    },
    "braintree-web": {
      "version": "3.58.0",
      "resolved": "https://registry.npmjs.org/braintree-web/-/braintree-web-3.58.0.tgz",
      "integrity": "sha512-tqhH6XIaTFkOFnPcDK+/h8i2rEH1/QYmsKkmk51TVCL4BRRrWvk5SVzpw2Ueg0wrNbWWpqMG3Kh6gfTMvRwxPA==",
      "requires": {
        "@braintree/asset-loader": "0.3.1",
        "@braintree/browser-detection": "1.9.0",
        "@braintree/class-list": "0.1.0",
        "@braintree/event-emitter": "0.3.0",
        "@braintree/extended-promise": "0.3.0",
        "@braintree/iframer": "1.0.3",
        "@braintree/sanitize-url": "4.0.0",
        "@braintree/wrap-promise": "2.0.0",
        "card-validator": "6.2.0",
        "credit-card-type": "8.3.0",
        "framebus": "3.0.2",
        "inject-stylesheet": "2.0.0",
        "promise-polyfill": "8.1.3",
        "restricted-input": "2.1.0"
      }
    },
    "braintree-web-drop-in": {
      "version": "1.22.1",
      "resolved": "https://registry.npmjs.org/braintree-web-drop-in/-/braintree-web-drop-in-1.22.1.tgz",
      "integrity": "sha512-/WLy3RVJM24OFYbKObkruKPt+jqwJNXSTOXxq/SOKdIn0RFlmg8NlnvQSxp60rDCJD30r4CGG2dEu1RL0BUdwg==",
      "requires": {
        "@braintree/asset-loader": "0.3.1",
        "@braintree/browser-detection": "1.9.0",
        "@braintree/class-list": "0.1.0",
        "@braintree/event-emitter": "0.3.0",
        "@braintree/wrap-promise": "2.0.0",
        "braintree-web": "3.58.0",
        "promise-polyfill": "8.1.3"
      }
    },
    "card-validator": {
      "version": "6.2.0",
      "resolved": "https://registry.npmjs.org/card-validator/-/card-validator-6.2.0.tgz",
      "integrity": "sha512-1vYv45JaE9NmixZr4dl6ykzbFKv7imI9L7MQDs235b/a7EGbG8rrEsipeHtVvscLSUbl3RX6UP5gyOe0Y2FlHA==",
      "requires": {
        "credit-card-type": "^8.0.0"
      }
    },
    "credit-card-type": {
      "version": "8.3.0",
      "resolved": "https://registry.npmjs.org/credit-card-type/-/credit-card-type-8.3.0.tgz",
      "integrity": "sha512-czfZUpQ7W9CDxZL4yFLb1kFtM/q2lTOY975hL2aO+DC8+GRNDVSXVCHXhVFZPxiUKmQCZbFP8vIhxx5TBQaThw=="
    },
    "framebus": {
      "version": "3.0.2",
      "resolved": "https://registry.npmjs.org/framebus/-/framebus-3.0.2.tgz",
      "integrity": "sha512-OqhYkhgRYlpKZoSl5EA3whKh8O8omFPCzf7MGzFqC6CtrT8lg7evNgU6QdjC3uY3ATq5saMDiY5HJ8KGiGDYCA=="
    },
    "inject-stylesheet": {
      "version": "2.0.0",
      "resolved": "https://registry.npmjs.org/inject-stylesheet/-/inject-stylesheet-2.0.0.tgz",
      "integrity": "sha512-XiItpXWDXRrH1VhG5AnHghuZdpDp6UeugiOKBr3RGmANucucHwKuT0BPSB0zpDqiX3P+rhhJFip1rxOI18+/Tw=="
    },
    "promise-polyfill": {
      "version": "8.1.3",
      "resolved": "https://registry.npmjs.org/promise-polyfill/-/promise-polyfill-8.1.3.tgz",
      "integrity": "sha512-MG5r82wBzh7pSKDRa9y+vllNHz3e3d4CNj1PQE4BQYxLme0gKYYBm9YENq+UkEikyZ0XbiGWxYlVw3Rl9O/U8g=="
    },
    "restricted-input": {
      "version": "2.1.0",
      "resolved": "https://registry.npmjs.org/restricted-input/-/restricted-input-2.1.0.tgz",
      "integrity": "sha512-dH4cNfdTgChSlqYGff0zMtLSPWj3oU4oph9GvHgWhDEiHftk7/B9Ci5y5mCts2atvcm2a0gTZ8XqNaP9cVzMwg==",
      "requires": {
        "@braintree/browser-detection": "^1.9.0"
      }
    }
  }
}
